
Microsoft Visual Studio Solution File, Format Version 12.00
# Visual Studio 15
VisualStudioVersion = 15.0.34112.143
MinimumVisualStudioVersion = 10.0.40219.1
Project("{FAE04EC0-301F-11D3-BF4B-00C04F79EFBC}") = "WindowsFormsApp3", "WindowsFormsApp3\WindowsFormsApp3.csproj", "{C8D6BAD1-F554-438A-B5DF-E1A80C338B98}"
EndProject
Global
	GlobalSection(SolutionConfigurationPlatforms) = preSolution
		Debug|Any CPU = Debug|Any CPU
		Release|Any CPU = Release|Any CPU
	EndGlobalSection
	GlobalSection(ProjectConfigurationPlatforms) = postSolution
		{C8D6BAD1-F554-438A-B5DF-E1A80C338B98}.Debug|Any CPU.ActiveCfg = Debug|Any CPU
		{C8D6BAD1-F554-438A-B5DF-E1A80C338B98}.Debug|Any CPU.Build.0 = Debug|Any CPU
		{C8D6BAD1-F554-438A-B5DF-E1A80C338B98}.Release|Any CPU.ActiveCfg = Release|Any CPU
		{C8D6BAD1-F554-438A-B5DF-E1A80C338B98}.Release|Any CPU.Build.0 = Release|Any CPU
	EndGlobalSection
	GlobalSection(SolutionProperties) = preSolution
		HideSolutionNode = FALSE
	EndGlobalSection
	GlobalSection(ExtensibilityGlobals) = postSolution
		SolutionGuid = {F32B5944-B7E0-43AE-A9E8-3EC0D8E4E924}
	EndGlobalSection
EndGlobal
